{
  "name": "music",
  "version": "1.0.0",
  "lockfileVersion": 1,
  "requires": true,
  "dependencies": {
    "velocity-animate": {
      "version": "1.5.1",
      "resolved": "https://registry.npmjs.org/velocity-animate/-/velocity-animate-1.5.1.tgz",
      "integrity": "sha512-VJ3csMz5zP1ifkbBlsNYpxnoWkPHfVRQ8tUongS78W5DxSGHB68pjYHDTgUYBkVM7P/HpYdVukgVUFcxjr1gGg=="
    }
  }
}
